
Microsoft Visual Studio Solution File, Format Version 12.00
# Visual Studio Version 17
VisualStudioVersion = 17.10.34814.14
MinimumVisualStudioVersion = 10.0.40219.1
Project("{9A19103F-16F7-4668-BE54-9A1E7A4F7556}") = "TglTest", "TglTest\TglTest\TglTest.csproj", "{98C7A217-9C6E-4B95-902E-563F8943A35C}"
EndProject
Project("{9A19103F-16F7-4668-BE54-9A1E7A4F7556}") = "TglTest.Client", "TglTest\TglTest.Client\TglTest.Client.csproj", "{25C633D7-48F6-4B6B-8336-5F309D7A60D3}"
EndProject
Project("{2150E333-8FDC-42A3-9474-1A3956D46DE8}") = "Solution Items", "Solution Items", "{80B5F449-8DB9-450F-96F7-0F02029FFFF8}"
	ProjectSection(SolutionItems) = preProject
		readme.md = readme.md
	EndProjectSection
EndProject
Global
	GlobalSection(SolutionConfigurationPlatforms) = preSolution
		Debug|Any CPU = Debug|Any CPU
		Release|Any CPU = Release|Any CPU
	EndGlobalSection
	GlobalSection(ProjectConfigurationPlatforms) = postSolution
		{98C7A217-9C6E-4B95-902E-563F8943A35C}.Debug|Any CPU.ActiveCfg = Debug|Any CPU
		{98C7A217-9C6E-4B95-902E-563F8943A35C}.Debug|Any CPU.Build.0 = Debug|Any CPU
		{98C7A217-9C6E-4B95-902E-563F8943A35C}.Release|Any CPU.ActiveCfg = Release|Any CPU
		{98C7A217-9C6E-4B95-902E-563F8943A35C}.Release|Any CPU.Build.0 = Release|Any CPU
		{25C633D7-48F6-4B6B-8336-5F309D7A60D3}.Debug|Any CPU.ActiveCfg = Debug|Any CPU
		{25C633D7-48F6-4B6B-8336-5F309D7A60D3}.Debug|Any CPU.Build.0 = Debug|Any CPU
		{25C633D7-48F6-4B6B-8336-5F309D7A60D3}.Release|Any CPU.ActiveCfg = Release|Any CPU
		{25C633D7-48F6-4B6B-8336-5F309D7A60D3}.Release|Any CPU.Build.0 = Release|Any CPU
	EndGlobalSection
	GlobalSection(SolutionProperties) = preSolution
		HideSolutionNode = FALSE
	EndGlobalSection
	GlobalSection(ExtensibilityGlobals) = postSolution
		SolutionGuid = {A3BC0045-4FE3-4799-94F5-2E10FEB7EDBB}
	EndGlobalSection
EndGlobal
